
Microsoft Visual Studio Solution File, Format Version 12.00
# Visual Studio Version 17
VisualStudioVersion = 17.5.33627.172
MinimumVisualStudioVersion = 10.0.40219.1
Project("{9A19103F-16F7-4668-BE54-9A1E7A4F7556}") = "Lumera.Parser.Tests", "Lumera.Parser.Tests\Lumera.Parser.Tests.csproj", "{395DB627-B41E-4DFA-8E8A-596C879B5957}"
EndProject
Project("{9A19103F-16F7-4668-BE54-9A1E7A4F7556}") = "Lumera.Parser", "Lumera.Parser\Lumera.Parser.csproj", "{68A09B6F-E44D-4990-B984-3950EB42FF91}"
EndProject
Global
	GlobalSection(SolutionConfigurationPlatforms) = preSolution
		Debug|Any CPU = Debug|Any CPU
		Release|Any CPU = Release|Any CPU
	EndGlobalSection
	GlobalSection(ProjectConfigurationPlatforms) = postSolution
		{395DB627-B41E-4DFA-8E8A-596C879B5957}.Debug|Any CPU.ActiveCfg = Debug|Any CPU
		{395DB627-B41E-4DFA-8E8A-596C879B5957}.Debug|Any CPU.Build.0 = Debug|Any CPU
		{395DB627-B41E-4DFA-8E8A-596C879B5957}.Release|Any CPU.ActiveCfg = Release|Any CPU
		{395DB627-B41E-4DFA-8E8A-596C879B5957}.Release|Any CPU.Build.0 = Release|Any CPU
		{68A09B6F-E44D-4990-B984-3950EB42FF91}.Debug|Any CPU.ActiveCfg = Debug|Any CPU
		{68A09B6F-E44D-4990-B984-3950EB42FF91}.Debug|Any CPU.Build.0 = Debug|Any CPU
		{68A09B6F-E44D-4990-B984-3950EB42FF91}.Release|Any CPU.ActiveCfg = Release|Any CPU
		{68A09B6F-E44D-4990-B984-3950EB42FF91}.Release|Any CPU.Build.0 = Release|Any CPU
	EndGlobalSection
	GlobalSection(SolutionProperties) = preSolution
		HideSolutionNode = FALSE
	EndGlobalSection
	GlobalSection(ExtensibilityGlobals) = postSolution
		SolutionGuid = {230F4530-26AE-48C6-B2BD-A5837FA65DE6}
	EndGlobalSection
EndGlobal
